
Microsoft Visual Studio Solution File, Format Version 12.00
# Visual Studio Version 16
VisualStudioVersion = 16.0.29209.62
MinimumVisualStudioVersion = 10.0.40219.1
Project("{FAE04EC0-301F-11D3-BF4B-00C04F79EFBC}") = "UTW-Project", "UTW-Project\UTW-Project.csproj", "{3C404C43-3894-4C3F-B3D5-50F9A906A170}"
EndProject
Global
	GlobalSection(SolutionConfigurationPlatforms) = preSolution
		Debug|Any CPU = Debug|Any CPU
		Release|Any CPU = Release|Any CPU
	EndGlobalSection
	GlobalSection(ProjectConfigurationPlatforms) = postSolution
		{3C404C43-3894-4C3F-B3D5-50F9A906A170}.Debug|Any CPU.ActiveCfg = Debug|Any CPU
		{3C404C43-3894-4C3F-B3D5-50F9A906A170}.Debug|Any CPU.Build.0 = Debug|Any CPU
		{3C404C43-3894-4C3F-B3D5-50F9A906A170}.Release|Any CPU.ActiveCfg = Release|Any CPU
		{3C404C43-3894-4C3F-B3D5-50F9A906A170}.Release|Any CPU.Build.0 = Release|Any CPU
	EndGlobalSection
	GlobalSection(SolutionProperties) = preSolution
		HideSolutionNode = FALSE
	EndGlobalSection
	GlobalSection(ExtensibilityGlobals) = postSolution
		SolutionGuid = {A111D60C-BB88-428E-8459-9B4A8574B3C1}
	EndGlobalSection
EndGlobal
